
Microsoft Visual Studio Solution File, Format Version 12.00
# Visual Studio Version 16
VisualStudioVersion = 16.0.29306.81
MinimumVisualStudioVersion = 10.0.40219.1
Project("{D954291E-2A0B-460D-934E-DC6B0785DB48}") = "EnemyDetection", "EnemyDetection\EnemyDetection.shproj", "{CB26FC78-DF30-4A18-9A64-E6BC13619DEE}"
EndProject
Global
	GlobalSection(SharedMSBuildProjectFiles) = preSolution
		EnemyDetection\EnemyDetection.projitems*{cb26fc78-df30-4a18-9a64-e6bc13619dee}*SharedItemsImports = 13
	EndGlobalSection
	GlobalSection(SolutionProperties) = preSolution
		HideSolutionNode = FALSE
	EndGlobalSection
	GlobalSection(ExtensibilityGlobals) = postSolution
		SolutionGuid = {2E7C2FC8-4F32-4722-B416-F2E977CF940A}
	EndGlobalSection
EndGlobal
